
Microsoft Visual Studio Solution File, Format Version 12.00
# Visual Studio 15
VisualStudioVersion = 15.0.27130.0
MinimumVisualStudioVersion = 10.0.40219.1
Project("{FAE04EC0-301F-11D3-BF4B-00C04F79EFBC}") = "MysterySpam", "MysterySpam\MysterySpam.csproj", "{604831B6-9708-441E-B590-E6728CF1365E}"
EndProject
Global
	GlobalSection(SolutionConfigurationPlatforms) = preSolution
		Debug|Any CPU = Debug|Any CPU
		Release|Any CPU = Release|Any CPU
	EndGlobalSection
	GlobalSection(ProjectConfigurationPlatforms) = postSolution
		{604831B6-9708-441E-B590-E6728CF1365E}.Debug|Any CPU.ActiveCfg = Debug|Any CPU
		{604831B6-9708-441E-B590-E6728CF1365E}.Debug|Any CPU.Build.0 = Debug|Any CPU
		{604831B6-9708-441E-B590-E6728CF1365E}.Release|Any CPU.ActiveCfg = Release|Any CPU
		{604831B6-9708-441E-B590-E6728CF1365E}.Release|Any CPU.Build.0 = Release|Any CPU
	EndGlobalSection
	GlobalSection(SolutionProperties) = preSolution
		HideSolutionNode = FALSE
	EndGlobalSection
	GlobalSection(ExtensibilityGlobals) = postSolution
		SolutionGuid = {C7048DA0-289C-485D-B440-DE1C3B94D78C}
	EndGlobalSection
EndGlobal
